
Microsoft Visual Studio Solution File, Format Version 12.00
# Visual Studio Version 16
VisualStudioVersion = 16.0.28922.388
MinimumVisualStudioVersion = 10.0.40219.1
Project("{FAE04EC0-301F-11D3-BF4B-00C04F79EFBC}") = "API", "API\API.csproj", "{4253BECE-6216-4192-9D09-C5D1875073B8}"
EndProject
Project("{FAE04EC0-301F-11D3-BF4B-00C04F79EFBC}") = "Common", "Common\Common.csproj", "{55652157-A012-4046-BF85-F96CD44F4321}"
EndProject
Project("{FAE04EC0-301F-11D3-BF4B-00C04F79EFBC}") = "Model", "Model\Model.csproj", "{8F32F212-6181-4DB9-9A88-46B86980D582}"
EndProject
Project("{FAE04EC0-301F-11D3-BF4B-00C04F79EFBC}") = "DAL", "DAL\DAL.csproj", "{BA1F1504-3B94-4990-9415-9A691752D56A}"
EndProject
Project("{FAE04EC0-301F-11D3-BF4B-00C04F79EFBC}") = "BLL", "BLL\BLL.csproj", "{31250233-2159-42B6-AF09-110536FFFF23}"
EndProject
Project("{FAE04EC0-301F-11D3-BF4B-00C04F79EFBC}") = "SDKClient", "SDKClient\SDKClient.csproj", "{8F32E304-3A2C-4970-BBD8-F56CC0917432}"
EndProject
Global
	GlobalSection(SolutionConfigurationPlatforms) = preSolution
		Debug|Any CPU = Debug|Any CPU
		Release|Any CPU = Release|Any CPU
	EndGlobalSection
	GlobalSection(ProjectConfigurationPlatforms) = postSolution
		{4253BECE-6216-4192-9D09-C5D1875073B8}.Debug|Any CPU.ActiveCfg = Debug|Any CPU
		{4253BECE-6216-4192-9D09-C5D1875073B8}.Debug|Any CPU.Build.0 = Debug|Any CPU
		{4253BECE-6216-4192-9D09-C5D1875073B8}.Release|Any CPU.ActiveCfg = Release|Any CPU
		{4253BECE-6216-4192-9D09-C5D1875073B8}.Release|Any CPU.Build.0 = Release|Any CPU
		{55652157-A012-4046-BF85-F96CD44F4321}.Debug|Any CPU.ActiveCfg = Debug|Any CPU
		{55652157-A012-4046-BF85-F96CD44F4321}.Debug|Any CPU.Build.0 = Debug|Any CPU
		{55652157-A012-4046-BF85-F96CD44F4321}.Release|Any CPU.ActiveCfg = Release|Any CPU
		{55652157-A012-4046-BF85-F96CD44F4321}.Release|Any CPU.Build.0 = Release|Any CPU
		{8F32F212-6181-4DB9-9A88-46B86980D582}.Debug|Any CPU.ActiveCfg = Debug|Any CPU
		{8F32F212-6181-4DB9-9A88-46B86980D582}.Debug|Any CPU.Build.0 = Debug|Any CPU
		{8F32F212-6181-4DB9-9A88-46B86980D582}.Release|Any CPU.ActiveCfg = Release|Any CPU
		{8F32F212-6181-4DB9-9A88-46B86980D582}.Release|Any CPU.Build.0 = Release|Any CPU
		{BA1F1504-3B94-4990-9415-9A691752D56A}.Debug|Any CPU.ActiveCfg = Debug|Any CPU
		{BA1F1504-3B94-4990-9415-9A691752D56A}.Debug|Any CPU.Build.0 = Debug|Any CPU
		{BA1F1504-3B94-4990-9415-9A691752D56A}.Release|Any CPU.ActiveCfg = Release|Any CPU
		{BA1F1504-3B94-4990-9415-9A691752D56A}.Release|Any CPU.Build.0 = Release|Any CPU
		{31250233-2159-42B6-AF09-110536FFFF23}.Debug|Any CPU.ActiveCfg = Debug|Any CPU
		{31250233-2159-42B6-AF09-110536FFFF23}.Debug|Any CPU.Build.0 = Debug|Any CPU
		{31250233-2159-42B6-AF09-110536FFFF23}.Release|Any CPU.ActiveCfg = Release|Any CPU
		{31250233-2159-42B6-AF09-110536FFFF23}.Release|Any CPU.Build.0 = Release|Any CPU
		{8F32E304-3A2C-4970-BBD8-F56CC0917432}.Debug|Any CPU.ActiveCfg = Debug|Any CPU
		{8F32E304-3A2C-4970-BBD8-F56CC0917432}.Debug|Any CPU.Build.0 = Debug|Any CPU
		{8F32E304-3A2C-4970-BBD8-F56CC0917432}.Release|Any CPU.ActiveCfg = Release|Any CPU
		{8F32E304-3A2C-4970-BBD8-F56CC0917432}.Release|Any CPU.Build.0 = Release|Any CPU
	EndGlobalSection
	GlobalSection(SolutionProperties) = preSolution
		HideSolutionNode = FALSE
	EndGlobalSection
	GlobalSection(ExtensibilityGlobals) = postSolution
		SolutionGuid = {73D099C2-2204-4E68-AB50-E62A1430FC57}
	EndGlobalSection
EndGlobal
